
Microsoft Visual Studio Solution File, Format Version 12.00
# Visual Studio 15
Project("{FAE04EC0-301F-11D3-BF4B-00C04F79EFBC}") = "UnityEngine.TestRunner", "UnityEngine.TestRunner.csproj", "{28A9CA8A-5786-4E3F-43A2-A662DAA30083}"
EndProject
Project("{FAE04EC0-301F-11D3-BF4B-00C04F79EFBC}") = "Assembly-CSharp", "Assembly-CSharp.csproj", "{4ACD452D-6EA8-A014-1297-B314BE92B8CE}"
EndProject
Project("{FAE04EC0-301F-11D3-BF4B-00C04F79EFBC}") = "Unity.Timeline", "Unity.Timeline.csproj", "{EA170B4D-C6B1-DF4F-DC8D-A3E805A98FE4}"
EndProject
Project("{FAE04EC0-301F-11D3-BF4B-00C04F79EFBC}") = "Unity.2D.PixelPerfect", "Unity.2D.PixelPerfect.csproj", "{69D7AAED-F2E4-5B4A-8C03-8AB693E64AC5}"
EndProject
Project("{FAE04EC0-301F-11D3-BF4B-00C04F79EFBC}") = "UnityEditor.TestRunner", "UnityEditor.TestRunner.csproj", "{A0CEC2A0-CC16-1FE3-6647-51A0AA4E7B0C}"
EndProject
Project("{FAE04EC0-301F-11D3-BF4B-00C04F79EFBC}") = "Unity.Timeline.Editor", "Unity.Timeline.Editor.csproj", "{17D687CD-6A86-68E8-0DDA-B25C0CAF9D16}"
EndProject
Project("{FAE04EC0-301F-11D3-BF4B-00C04F79EFBC}") = "Unity.VisualStudio.Editor", "Unity.VisualStudio.Editor.csproj", "{F4F4B193-710F-ADBF-8844-6DC3A12FEF52}"
EndProject
Project("{FAE04EC0-301F-11D3-BF4B-00C04F79EFBC}") = "Unity.2D.PixelPerfect.Editor", "Unity.2D.PixelPerfect.Editor.csproj", "{E6D7E2AC-D7FC-BB02-B9AA-F926DF73DE42}"
EndProject
Global
	GlobalSection(SolutionConfigurationPlatforms) = preSolution
		Debug|Any CPU = Debug|Any CPU
		Release|Any CPU = Release|Any CPU
	EndGlobalSection
	GlobalSection(ProjectConfigurationPlatforms) = postSolution
		{28A9CA8A-5786-4E3F-43A2-A662DAA30083}.Debug|Any CPU.ActiveCfg = Debug|Any CPU
		{28A9CA8A-5786-4E3F-43A2-A662DAA30083}.Debug|Any CPU.Build.0 = Debug|Any CPU
		{28A9CA8A-5786-4E3F-43A2-A662DAA30083}.Release|Any CPU.ActiveCfg = Release|Any CPU
		{28A9CA8A-5786-4E3F-43A2-A662DAA30083}.Release|Any CPU.Build.0 = Release|Any CPU
		{4ACD452D-6EA8-A014-1297-B314BE92B8CE}.Debug|Any CPU.ActiveCfg = Debug|Any CPU
		{4ACD452D-6EA8-A014-1297-B314BE92B8CE}.Debug|Any CPU.Build.0 = Debug|Any CPU
		{4ACD452D-6EA8-A014-1297-B314BE92B8CE}.Release|Any CPU.ActiveCfg = Release|Any CPU
		{4ACD452D-6EA8-A014-1297-B314BE92B8CE}.Release|Any CPU.Build.0 = Release|Any CPU
		{EA170B4D-C6B1-DF4F-DC8D-A3E805A98FE4}.Debug|Any CPU.ActiveCfg = Debug|Any CPU
		{EA170B4D-C6B1-DF4F-DC8D-A3E805A98FE4}.Debug|Any CPU.Build.0 = Debug|Any CPU
		{EA170B4D-C6B1-DF4F-DC8D-A3E805A98FE4}.Release|Any CPU.ActiveCfg = Release|Any CPU
		{EA170B4D-C6B1-DF4F-DC8D-A3E805A98FE4}.Release|Any CPU.Build.0 = Release|Any CPU
		{69D7AAED-F2E4-5B4A-8C03-8AB693E64AC5}.Debug|Any CPU.ActiveCfg = Debug|Any CPU
		{69D7AAED-F2E4-5B4A-8C03-8AB693E64AC5}.Debug|Any CPU.Build.0 = Debug|Any CPU
		{69D7AAED-F2E4-5B4A-8C03-8AB693E64AC5}.Release|Any CPU.ActiveCfg = Release|Any CPU
		{69D7AAED-F2E4-5B4A-8C03-8AB693E64AC5}.Release|Any CPU.Build.0 = Release|Any CPU
		{A0CEC2A0-CC16-1FE3-6647-51A0AA4E7B0C}.Debug|Any CPU.ActiveCfg = Debug|Any CPU
		{A0CEC2A0-CC16-1FE3-6647-51A0AA4E7B0C}.Debug|Any CPU.Build.0 = Debug|Any CPU
		{A0CEC2A0-CC16-1FE3-6647-51A0AA4E7B0C}.Release|Any CPU.ActiveCfg = Release|Any CPU
		{A0CEC2A0-CC16-1FE3-6647-51A0AA4E7B0C}.Release|Any CPU.Build.0 = Release|Any CPU
		{17D687CD-6A86-68E8-0DDA-B25C0CAF9D16}.Debug|Any CPU.ActiveCfg = Debug|Any CPU
		{17D687CD-6A86-68E8-0DDA-B25C0CAF9D16}.Debug|Any CPU.Build.0 = Debug|Any CPU
		{17D687CD-6A86-68E8-0DDA-B25C0CAF9D16}.Release|Any CPU.ActiveCfg = Release|Any CPU
		{17D687CD-6A86-68E8-0DDA-B25C0CAF9D16}.Release|Any CPU.Build.0 = Release|Any CPU
		{F4F4B193-710F-ADBF-8844-6DC3A12FEF52}.Debug|Any CPU.ActiveCfg = Debug|Any CPU
		{F4F4B193-710F-ADBF-8844-6DC3A12FEF52}.Debug|Any CPU.Build.0 = Debug|Any CPU
		{F4F4B193-710F-ADBF-8844-6DC3A12FEF52}.Release|Any CPU.ActiveCfg = Release|Any CPU
		{F4F4B193-710F-ADBF-8844-6DC3A12FEF52}.Release|Any CPU.Build.0 = Release|Any CPU
		{E6D7E2AC-D7FC-BB02-B9AA-F926DF73DE42}.Debug|Any CPU.ActiveCfg = Debug|Any CPU
		{E6D7E2AC-D7FC-BB02-B9AA-F926DF73DE42}.Debug|Any CPU.Build.0 = Debug|Any CPU
		{E6D7E2AC-D7FC-BB02-B9AA-F926DF73DE42}.Release|Any CPU.ActiveCfg = Release|Any CPU
		{E6D7E2AC-D7FC-BB02-B9AA-F926DF73DE42}.Release|Any CPU.Build.0 = Release|Any CPU
	EndGlobalSection
	GlobalSection(SolutionProperties) = preSolution
		HideSolutionNode = FALSE
	EndGlobalSection
EndGlobal
